
Microsoft Visual Studio Solution File, Format Version 12.00
# Visual Studio Version 18
VisualStudioVersion = 18.0.11222.15 d18.0
MinimumVisualStudioVersion = 10.0.40219.1
Project("{FAE04EC0-301F-11D3-BF4B-00C04F79EFBC}") = "GettingUp.WebApi", "GettingUp.WebApi\GettingUp.WebApi.csproj", "{053F1DA5-C0CB-1A91-C028-1E94AA41D8BF}"
EndProject
Global
	GlobalSection(SolutionConfigurationPlatforms) = preSolution
		Debug|Any CPU = Debug|Any CPU
		Release|Any CPU = Release|Any CPU
	EndGlobalSection
	GlobalSection(ProjectConfigurationPlatforms) = postSolution
		{053F1DA5-C0CB-1A91-C028-1E94AA41D8BF}.Debug|Any CPU.ActiveCfg = Debug|Any CPU
		{053F1DA5-C0CB-1A91-C028-1E94AA41D8BF}.Debug|Any CPU.Build.0 = Debug|Any CPU
		{053F1DA5-C0CB-1A91-C028-1E94AA41D8BF}.Release|Any CPU.ActiveCfg = Release|Any CPU
		{053F1DA5-C0CB-1A91-C028-1E94AA41D8BF}.Release|Any CPU.Build.0 = Release|Any CPU
	EndGlobalSection
	GlobalSection(SolutionProperties) = preSolution
		HideSolutionNode = FALSE
	EndGlobalSection
EndGlobal
